
Microsoft Visual Studio Solution File, Format Version 12.00
# Visual Studio Version 16
VisualStudioVersion = 16.0.29001.49
MinimumVisualStudioVersion = 10.0.40219.1
Project("{FAE04EC0-301F-11D3-BF4B-00C04F79EFBC}") = "GoogleSniffer", "GoogleSniffer\GoogleSniffer.csproj", "{7ABB073E-A31D-4B22-A0DC-1FA5F69557DE}"
EndProject
Global
	GlobalSection(SolutionConfigurationPlatforms) = preSolution
		Debug|Any CPU = Debug|Any CPU
		Release|Any CPU = Release|Any CPU
	EndGlobalSection
	GlobalSection(ProjectConfigurationPlatforms) = postSolution
		{7ABB073E-A31D-4B22-A0DC-1FA5F69557DE}.Debug|Any CPU.ActiveCfg = Debug|Any CPU
		{7ABB073E-A31D-4B22-A0DC-1FA5F69557DE}.Debug|Any CPU.Build.0 = Debug|Any CPU
		{7ABB073E-A31D-4B22-A0DC-1FA5F69557DE}.Release|Any CPU.ActiveCfg = Release|Any CPU
		{7ABB073E-A31D-4B22-A0DC-1FA5F69557DE}.Release|Any CPU.Build.0 = Release|Any CPU
	EndGlobalSection
	GlobalSection(SolutionProperties) = preSolution
		HideSolutionNode = FALSE
	EndGlobalSection
	GlobalSection(ExtensibilityGlobals) = postSolution
		SolutionGuid = {833C9EA0-3085-4307-B40E-D5F60406A3AC}
	EndGlobalSection
EndGlobal
